// !$*UTF8*$!
{
	archiveVersion = 1;
	classes = {
	};
	objectVersion = 56;
	objects = {

/* Begin PBXBuildFile section */
		B35266272C4DA40D00CDBCA0 /* AppDelegate.swift in Sources */ = {isa = PBXBuildFile; fileRef = B35266262C4DA40D00CDBCA0 /* AppDelegate.swift */; };
		B35266292C4DA40D00CDBCA0 /* SceneDelegate.swift in Sources */ = {isa = PBXBuildFile; fileRef = B35266282C4DA40D00CDBCA0 /* SceneDelegate.swift */; };
		B35266302C4DA40E00CDBCA0 /* Assets.xcassets in Resources */ = {isa = PBXBuildFile; fileRef = B352662F2C4DA40E00CDBCA0 /* Assets.xcassets */; };
		B35266332C4DA40E00CDBCA0 /* Base in Resources */ = {isa = PBXBuildFile; fileRef = B35266322C4DA40E00CDBCA0 /* Base */; };
		B352663E2C4DA40E00CDBCA0 /* vk_techno_testTests.swift in Sources */ = {isa = PBXBuildFile; fileRef = B352663D2C4DA40E00CDBCA0 /* vk_techno_testTests.swift */; };
		B35266482C4DA40E00CDBCA0 /* vk_techno_testUITests.swift in Sources */ = {isa = PBXBuildFile; fileRef = B35266472C4DA40E00CDBCA0 /* vk_techno_testUITests.swift */; };
		B352664A2C4DA40E00CDBCA0 /* vk_techno_testUITestsLaunchTests.swift in Sources */ = {isa = PBXBuildFile; fileRef = B35266492C4DA40E00CDBCA0 /* vk_techno_testUITestsLaunchTests.swift */; };
		B352665B2C4DC02A00CDBCA0 /* RainParticle.sks in Resources */ = {isa = PBXBuildFile; fileRef = B35266592C4DC02A00CDBCA0 /* RainParticle.sks */; };
		B352665C2C4DC02A00CDBCA0 /* Assets.xcassets in Resources */ = {isa = PBXBuildFile; fileRef = B352665A2C4DC02A00CDBCA0 /* Assets.xcassets */; };
		B352665E2C4DC05400CDBCA0 /* SnowParticle.sks in Resources */ = {isa = PBXBuildFile; fileRef = B352665D2C4DC05400CDBCA0 /* SnowParticle.sks */; };
		B35266602C4DC07500CDBCA0 /* RainScene.swift in Sources */ = {isa = PBXBuildFile; fileRef = B352665F2C4DC07500CDBCA0 /* RainScene.swift */; };
		B35266622C4DC0B300CDBCA0 /* SnowScene.swift in Sources */ = {isa = PBXBuildFile; fileRef = B35266612C4DC0B300CDBCA0 /* SnowScene.swift */; };
		B35266642C4DC0F200CDBCA0 /* WeatherViewController.swift in Sources */ = {isa = PBXBuildFile; fileRef = B35266632C4DC0F200CDBCA0 /* WeatherViewController.swift */; };
		B35266662C4DC17800CDBCA0 /* MainViewController.swift in Sources */ = {isa = PBXBuildFile; fileRef = B35266652C4DC17800CDBCA0 /* MainViewController.swift */; };
		B35266682C4DC20E00CDBCA0 /* SunScene.swift in Sources */ = {isa = PBXBuildFile; fileRef = B35266672C4DC20E00CDBCA0 /* SunScene.swift */; };
		B352666A2C4DC26F00CDBCA0 /* SunParticle.sks in Resources */ = {isa = PBXBuildFile; fileRef = B35266692C4DC26F00CDBCA0 /* SunParticle.sks */; };
		B352666C2C4EAC1300CDBCA0 /* CustomCollectionViewCell.swift in Sources */ = {isa = PBXBuildFile; fileRef = B352666B2C4EAC1300CDBCA0 /* CustomCollectionViewCell.swift */; };
		B352666E2C4EDFB100CDBCA0 /* LightningScene.swift in Sources */ = {isa = PBXBuildFile; fileRef = B352666D2C4EDFB100CDBCA0 /* LightningScene.swift */; };
		B3ABBAE32C4EF7F00045009C /* CloudySceen.swift in Sources */ = {isa = PBXBuildFile; fileRef = B3ABBAE22C4EF7F00045009C /* CloudySceen.swift */; };
		B3ABBAE52C4EFD5A0045009C /* Localizable.xcstrings in Resources */ = {isa = PBXBuildFile; fileRef = B3ABBAE42C4EFD5A0045009C /* Localizable.xcstrings */; };
/* End PBXBuildFile section */

/* Begin PBXContainerItemProxy section */
		B352663A2C4DA40E00CDBCA0 /* PBXContainerItemProxy */ = {
			isa = PBXContainerItemProxy;
			containerPortal = B352661B2C4DA40D00CDBCA0 /* Project object */;
			proxyType = 1;
			remoteGlobalIDString = B35266222C4DA40D00CDBCA0;
			remoteInfo = "vk-techno-test";
		};
		B35266442C4DA40E00CDBCA0 /* PBXContainerItemProxy */ = {
			isa = PBXContainerItemProxy;
			containerPortal = B352661B2C4DA40D00CDBCA0 /* Project object */;
			proxyType = 1;
			remoteGlobalIDString = B35266222C4DA40D00CDBCA0;
			remoteInfo = "vk-techno-test";
		};
/* End PBXContainerItemProxy section */

/* Begin PBXFileReference section */
		B35266232C4DA40D00CDBCA0 /* vk-techno-test.app */ = {isa = PBXFileReference; explicitFileType = wrapper.application; includeInIndex = 0; path = "vk-techno-test.app"; sourceTree = BUILT_PRODUCTS_DIR; };
		B35266262C4DA40D00CDBCA0 /* AppDelegate.swift */ = {isa = PBXFileReference; lastKnownFileType = sourcecode.swift; path = AppDelegate.swift; sourceTree = "<group>"; };
		B35266282C4DA40D00CDBCA0 /* SceneDelegate.swift */ = {isa = PBXFileReference; lastKnownFileType = sourcecode.swift; path = SceneDelegate.swift; sourceTree = "<group>"; };
		B352662F2C4DA40E00CDBCA0 /* Assets.xcassets */ = {isa = PBXFileReference; lastKnownFileType = folder.assetcatalog; path = Assets.xcassets; sourceTree = "<group>"; };
		B35266322C4DA40E00CDBCA0 /* Base */ = {isa = PBXFileReference; lastKnownFileType = file.storyboard; name = Base; path = Base.lproj/LaunchScreen.storyboard; sourceTree = "<group>"; };
		B35266342C4DA40E00CDBCA0 /* Info.plist */ = {isa = PBXFileReference; lastKnownFileType = text.plist.xml; path = Info.plist; sourceTree = "<group>"; };
		B35266392C4DA40E00CDBCA0 /* vk-techno-testTests.xctest */ = {isa = PBXFileReference; explicitFileType = wrapper.cfbundle; includeInIndex = 0; path = "vk-techno-testTests.xctest"; sourceTree = BUILT_PRODUCTS_DIR; };
		B352663D2C4DA40E00CDBCA0 /* vk_techno_testTests.swift */ = {isa = PBXFileReference; lastKnownFileType = sourcecode.swift; path = vk_techno_testTests.swift; sourceTree = "<group>"; };
		B35266432C4DA40E00CDBCA0 /* vk-techno-testUITests.xctest */ = {isa = PBXFileReference; explicitFileType = wrapper.cfbundle; includeInIndex = 0; path = "vk-techno-testUITests.xctest"; sourceTree = BUILT_PRODUCTS_DIR; };
		B35266472C4DA40E00CDBCA0 /* vk_techno_testUITests.swift */ = {isa = PBXFileReference; lastKnownFileType = sourcecode.swift; path = vk_techno_testUITests.swift; sourceTree = "<group>"; };
		B35266492C4DA40E00CDBCA0 /* vk_techno_testUITestsLaunchTests.swift */ = {isa = PBXFileReference; lastKnownFileType = sourcecode.swift; path = vk_techno_testUITestsLaunchTests.swift; sourceTree = "<group>"; };
		B35266592C4DC02A00CDBCA0 /* RainParticle.sks */ = {isa = PBXFileReference; lastKnownFileType = file.sks; path = RainParticle.sks; sourceTree = "<group>"; };
		B352665A2C4DC02A00CDBCA0 /* Assets.xcassets */ = {isa = PBXFileReference; lastKnownFileType = folder.assetcatalog; path = Assets.xcassets; sourceTree = "<group>"; };
		B352665D2C4DC05400CDBCA0 /* SnowParticle.sks */ = {isa = PBXFileReference; lastKnownFileType = file.sks; path = SnowParticle.sks; sourceTree = "<group>"; };
		B352665F2C4DC07500CDBCA0 /* RainScene.swift */ = {isa = PBXFileReference; lastKnownFileType = sourcecode.swift; path = RainScene.swift; sourceTree = "<group>"; };
		B35266612C4DC0B300CDBCA0 /* SnowScene.swift */ = {isa = PBXFileReference; lastKnownFileType = sourcecode.swift; path = SnowScene.swift; sourceTree = "<group>"; };
		B35266632C4DC0F200CDBCA0 /* WeatherViewController.swift */ = {isa = PBXFileReference; lastKnownFileType = sourcecode.swift; path = WeatherViewController.swift; sourceTree = "<group>"; };
		B35266652C4DC17800CDBCA0 /* MainViewController.swift */ = {isa = PBXFileReference; lastKnownFileType = sourcecode.swift; path = MainViewController.swift; sourceTree = "<group>"; };
		B35266672C4DC20E00CDBCA0 /* SunScene.swift */ = {isa = PBXFileReference; lastKnownFileType = sourcecode.swift; path = SunScene.swift; sourceTree = "<group>"; };
		B35266692C4DC26F00CDBCA0 /* SunParticle.sks */ = {isa = PBXFileReference; lastKnownFileType = file.sks; path = SunParticle.sks; sourceTree = "<group>"; };
		B352666B2C4EAC1300CDBCA0 /* CustomCollectionViewCell.swift */ = {isa = PBXFileReference; lastKnownFileType = sourcecode.swift; path = CustomCollectionViewCell.swift; sourceTree = "<group>"; };
		B352666D2C4EDFB100CDBCA0 /* LightningScene.swift */ = {isa = PBXFileReference; lastKnownFileType = sourcecode.swift; path = LightningScene.swift; sourceTree = "<group>"; };
		B3ABBAE22C4EF7F00045009C /* CloudySceen.swift */ = {isa = PBXFileReference; lastKnownFileType = sourcecode.swift; path = CloudySceen.swift; sourceTree = "<group>"; };
		B3ABBAE42C4EFD5A0045009C /* Localizable.xcstrings */ = {isa = PBXFileReference; lastKnownFileType = text.json.xcstrings; path = Localizable.xcstrings; sourceTree = "<group>"; };
/* End PBXFileReference section */

/* Begin PBXFrameworksBuildPhase section */
		B35266202C4DA40D00CDBCA0 /* Frameworks */ = {
			isa = PBXFrameworksBuildPhase;
			buildActionMask = 2147483647;
			files = (
			);
			runOnlyForDeploymentPostprocessing = 0;
		};
		B35266362C4DA40E00CDBCA0 /* Frameworks */ = {
			isa = PBXFrameworksBuildPhase;
			buildActionMask = 2147483647;
			files = (
			);
			runOnlyForDeploymentPostprocessing = 0;
		};
		B35266402C4DA40E00CDBCA0 /* Frameworks */ = {
			isa = PBXFrameworksBuildPhase;
			buildActionMask = 2147483647;
			files = (
			);
			runOnlyForDeploymentPostprocessing = 0;
		};
/* End PBXFrameworksBuildPhase section */

/* Begin PBXGroup section */
		B352661A2C4DA40D00CDBCA0 = {
			isa = PBXGroup;
			children = (
				B35266252C4DA40D00CDBCA0 /* vk-techno-test */,
				B352663C2C4DA40E00CDBCA0 /* vk-techno-testTests */,
				B35266462C4DA40E00CDBCA0 /* vk-techno-testUITests */,
				B35266242C4DA40D00CDBCA0 /* Products */,
			);
			sourceTree = "<group>";
		};
		B35266242C4DA40D00CDBCA0 /* Products */ = {
			isa = PBXGroup;
			children = (
				B35266232C4DA40D00CDBCA0 /* vk-techno-test.app */,
				B35266392C4DA40E00CDBCA0 /* vk-techno-testTests.xctest */,
				B35266432C4DA40E00CDBCA0 /* vk-techno-testUITests.xctest */,
			);
			name = Products;
			sourceTree = "<group>";
		};
		B35266252C4DA40D00CDBCA0 /* vk-techno-test */ = {
			isa = PBXGroup;
			children = (
				B35266262C4DA40D00CDBCA0 /* AppDelegate.swift */,
				B35266282C4DA40D00CDBCA0 /* SceneDelegate.swift */,
				B35266562C4DBFB900CDBCA0 /* Controllers */,
				B35266572C4DBFCB00CDBCA0 /* Scenes */,
				B35266582C4DBFE000CDBCA0 /* Particles */,
				B352662F2C4DA40E00CDBCA0 /* Assets.xcassets */,
				B35266312C4DA40E00CDBCA0 /* LaunchScreen.storyboard */,
				B35266342C4DA40E00CDBCA0 /* Info.plist */,
				B3ABBAE42C4EFD5A0045009C /* Localizable.xcstrings */,
			);
			path = "vk-techno-test";
			sourceTree = "<group>";
		};
		B352663C2C4DA40E00CDBCA0 /* vk-techno-testTests */ = {
			isa = PBXGroup;
			children = (
				B352663D2C4DA40E00CDBCA0 /* vk_techno_testTests.swift */,
			);
			path = "vk-techno-testTests";
			sourceTree = "<group>";
		};
		B35266462C4DA40E00CDBCA0 /* vk-techno-testUITests */ = {
			isa = PBXGroup;
			children = (
				B35266472C4DA40E00CDBCA0 /* vk_techno_testUITests.swift */,
				B35266492C4DA40E00CDBCA0 /* vk_techno_testUITestsLaunchTests.swift */,
			);
			path = "vk-techno-testUITests";
			sourceTree = "<group>";
		};
		B35266562C4DBFB900CDBCA0 /* Controllers */ = {
			isa = PBXGroup;
			children = (
				B35266632C4DC0F200CDBCA0 /* WeatherViewController.swift */,
				B35266652C4DC17800CDBCA0 /* MainViewController.swift */,
				B352666B2C4EAC1300CDBCA0 /* CustomCollectionViewCell.swift */,
			);
			path = Controllers;
			sourceTree = "<group>";
		};
		B35266572C4DBFCB00CDBCA0 /* Scenes */ = {
			isa = PBXGroup;
			children = (
				B352665F2C4DC07500CDBCA0 /* RainScene.swift */,
				B35266612C4DC0B300CDBCA0 /* SnowScene.swift */,
				B35266672C4DC20E00CDBCA0 /* SunScene.swift */,
				B352666D2C4EDFB100CDBCA0 /* LightningScene.swift */,
				B3ABBAE22C4EF7F00045009C /* CloudySceen.swift */,
			);
			path = Scenes;
			sourceTree = "<group>";
		};
		B35266582C4DBFE000CDBCA0 /* Particles */ = {
			isa = PBXGroup;
			children = (
				B35266592C4DC02A00CDBCA0 /* RainParticle.sks */,
				B352665D2C4DC05400CDBCA0 /* SnowParticle.sks */,
				B35266692C4DC26F00CDBCA0 /* SunParticle.sks */,
				B352665A2C4DC02A00CDBCA0 /* Assets.xcassets */,
			);
			path = Particles;
			sourceTree = "<group>";
		};
/* End PBXGroup section */

/* Begin PBXNativeTarget section */
		B35266222C4DA40D00CDBCA0 /* vk-techno-test */ = {
			isa = PBXNativeTarget;
			buildConfigurationList = B352664D2C4DA40E00CDBCA0 /* Build configuration list for PBXNativeTarget "vk-techno-test" */;
			buildPhases = (
				B352661F2C4DA40D00CDBCA0 /* Sources */,
				B35266202C4DA40D00CDBCA0 /* Frameworks */,
				B35266212C4DA40D00CDBCA0 /* Resources */,
			);
			buildRules = (
			);
			dependencies = (
			);
			name = "vk-techno-test";
			productName = "vk-techno-test";
			productReference = B35266232C4DA40D00CDBCA0 /* vk-techno-test.app */;
			productType = "com.apple.product-type.application";
		};
		B35266382C4DA40E00CDBCA0 /* vk-techno-testTests */ = {
			isa = PBXNativeTarget;
			buildConfigurationList = B35266502C4DA40E00CDBCA0 /* Build configuration list for PBXNativeTarget "vk-techno-testTests" */;
			buildPhases = (
				B35266352C4DA40E00CDBCA0 /* Sources */,
				B35266362C4DA40E00CDBCA0 /* Frameworks */,
				B35266372C4DA40E00CDBCA0 /* Resources */,
			);
			buildRules = (
			);
			dependencies = (
				B352663B2C4DA40E00CDBCA0 /* PBXTargetDependency */,
			);
			name = "vk-techno-testTests";
			productName = "vk-techno-testTests";
			productReference = B35266392C4DA40E00CDBCA0 /* vk-techno-testTests.xctest */;
			productType = "com.apple.product-type.bundle.unit-test";
		};
		B35266422C4DA40E00CDBCA0 /* vk-techno-testUITests */ = {
			isa = PBXNativeTarget;
			buildConfigurationList = B35266532C4DA40E00CDBCA0 /* Build configuration list for PBXNativeTarget "vk-techno-testUITests" */;
			buildPhases = (
				B352663F2C4DA40E00CDBCA0 /* Sources */,
				B35266402C4DA40E00CDBCA0 /* Frameworks */,
				B35266412C4DA40E00CDBCA0 /* Resources */,
			);
			buildRules = (
			);
			dependencies = (
				B35266452C4DA40E00CDBCA0 /* PBXTargetDependency */,
			);
			name = "vk-techno-testUITests";
			productName = "vk-techno-testUITests";
			productReference = B35266432C4DA40E00CDBCA0 /* vk-techno-testUITests.xctest */;
			productType = "com.apple.product-type.bundle.ui-testing";
		};
/* End PBXNativeTarget section */

/* Begin PBXProject section */
		B352661B2C4DA40D00CDBCA0 /* Project object */ = {
			isa = PBXProject;
			attributes = {
				BuildIndependentTargetsInParallel = 1;
				LastSwiftUpdateCheck = 1530;
				LastUpgradeCheck = 1530;
				TargetAttributes = {
					B35266222C4DA40D00CDBCA0 = {
						CreatedOnToolsVersion = 15.3;
					};
					B35266382C4DA40E00CDBCA0 = {
						CreatedOnToolsVersion = 15.3;
						TestTargetID = B35266222C4DA40D00CDBCA0;
					};
					B35266422C4DA40E00CDBCA0 = {
						CreatedOnToolsVersion = 15.3;
						TestTargetID = B35266222C4DA40D00CDBCA0;
					};
				};
			};
			buildConfigurationList = B352661E2C4DA40D00CDBCA0 /* Build configuration list for PBXProject "vk-techno-test" */;
			compatibilityVersion = "Xcode 14.0";
			developmentRegion = en;
			hasScannedForEncodings = 0;
			knownRegions = (
				en,
				Base,
				ru,
			);
			mainGroup = B352661A2C4DA40D00CDBCA0;
			productRefGroup = B35266242C4DA40D00CDBCA0 /* Products */;
			projectDirPath = "";
			projectRoot = "";
			targets = (
				B35266222C4DA40D00CDBCA0 /* vk-techno-test */,
				B35266382C4DA40E00CDBCA0 /* vk-techno-testTests */,
				B35266422C4DA40E00CDBCA0 /* vk-techno-testUITests */,
			);
		};
/* End PBXProject section */

/* Begin PBXResourcesBuildPhase section */
		B35266212C4DA40D00CDBCA0 /* Resources */ = {
			isa = PBXResourcesBuildPhase;
			buildActionMask = 2147483647;
			files = (
				B352665B2C4DC02A00CDBCA0 /* RainParticle.sks in Resources */,
				B352666A2C4DC26F00CDBCA0 /* SunParticle.sks in Resources */,
				B352665E2C4DC05400CDBCA0 /* SnowParticle.sks in Resources */,
				B352665C2C4DC02A00CDBCA0 /* Assets.xcassets in Resources */,
				B35266302C4DA40E00CDBCA0 /* Assets.xcassets in Resources */,
				B3ABBAE52C4EFD5A0045009C /* Localizable.xcstrings in Resources */,
				B35266332C4DA40E00CDBCA0 /* Base in Resources */,
			);
			runOnlyForDeploymentPostprocessing = 0;
		};
		B35266372C4DA40E00CDBCA0 /* Resources */ = {
			isa = PBXResourcesBuildPhase;
			buildActionMask = 2147483647;
			files = (
			);
			runOnlyForDeploymentPostprocessing = 0;
		};
		B35266412C4DA40E00CDBCA0 /* Resources */ = {
			isa = PBXResourcesBuildPhase;
			buildActionMask = 2147483647;
			files = (
			);
			runOnlyForDeploymentPostprocessing = 0;
		};
/* End PBXResourcesBuildPhase section */

/* Begin PBXSourcesBuildPhase section */
		B352661F2C4DA40D00CDBCA0 /* Sources */ = {
			isa = PBXSourcesBuildPhase;
			buildActionMask = 2147483647;
			files = (
				B35266642C4DC0F200CDBCA0 /* WeatherViewController.swift in Sources */,
				B35266272C4DA40D00CDBCA0 /* AppDelegate.swift in Sources */,
				B3ABBAE32C4EF7F00045009C /* CloudySceen.swift in Sources */,
				B35266602C4DC07500CDBCA0 /* RainScene.swift in Sources */,
				B352666C2C4EAC1300CDBCA0 /* CustomCollectionViewCell.swift in Sources */,
				B35266682C4DC20E00CDBCA0 /* SunScene.swift in Sources */,
				B352666E2C4EDFB100CDBCA0 /* LightningScene.swift in Sources */,
				B35266662C4DC17800CDBCA0 /* MainViewController.swift in Sources */,
				B35266292C4DA40D00CDBCA0 /* SceneDelegate.swift in Sources */,
				B35266622C4DC0B300CDBCA0 /* SnowScene.swift in Sources */,
			);
			runOnlyForDeploymentPostprocessing = 0;
		};
		B35266352C4DA40E00CDBCA0 /* Sources */ = {
			isa = PBXSourcesBuildPhase;
			buildActionMask = 2147483647;
			files = (
				B352663E2C4DA40E00CDBCA0 /* vk_techno_testTests.swift in Sources */,
			);
			runOnlyForDeploymentPostprocessing = 0;
		};
		B352663F2C4DA40E00CDBCA0 /* Sources */ = {
			isa = PBXSourcesBuildPhase;
			buildActionMask = 2147483647;
			files = (
				B352664A2C4DA40E00CDBCA0 /* vk_techno_testUITestsLaunchTests.swift in Sources */,
				B35266482C4DA40E00CDBCA0 /* vk_techno_testUITests.swift in Sources */,
			);
			runOnlyForDeploymentPostprocessing = 0;
		};
/* End PBXSourcesBuildPhase section */

/* Begin PBXTargetDependency section */
		B352663B2C4DA40E00CDBCA0 /* PBXTargetDependency */ = {
			isa = PBXTargetDependency;
			target = B35266222C4DA40D00CDBCA0 /* vk-techno-test */;
			targetProxy = B352663A2C4DA40E00CDBCA0 /* PBXContainerItemProxy */;
		};
		B35266452C4DA40E00CDBCA0 /* PBXTargetDependency */ = {
			isa = PBXTargetDependency;
			target = B35266222C4DA40D00CDBCA0 /* vk-techno-test */;
			targetProxy = B35266442C4DA40E00CDBCA0 /* PBXContainerItemProxy */;
		};
/* End PBXTargetDependency section */

/* Begin PBXVariantGroup section */
		B35266312C4DA40E00CDBCA0 /* LaunchScreen.storyboard */ = {
			isa = PBXVariantGroup;
			children = (
				B35266322C4DA40E00CDBCA0 /* Base */,
			);
			name = LaunchScreen.storyboard;
			sourceTree = "<group>";
		};
/* End PBXVariantGroup section */

/* Begin XCBuildConfiguration section */
		B352664B2C4DA40E00CDBCA0 /* Debug */ = {
			isa = XCBuildConfiguration;
			buildSettings = {
				ALWAYS_SEARCH_USER_PATHS = NO;
				ASSETCATALOG_COMPILER_GENERATE_SWIFT_ASSET_SYMBOL_EXTENSIONS = YES;
				CLANG_ANALYZER_NONNULL = YES;
				CLANG_ANALYZER_NUMBER_OBJECT_CONVERSION = YES_AGGRESSIVE;
				CLANG_CXX_LANGUAGE_STANDARD = "gnu++20";
				CLANG_ENABLE_MODULES = YES;
				CLANG_ENABLE_OBJC_ARC = YES;
				CLANG_ENABLE_OBJC_WEAK = YES;
				CLANG_WARN_BLOCK_CAPTURE_AUTORELEASING = YES;
				CLANG_WARN_BOOL_CONVERSION = YES;
				CLANG_WARN_COMMA = YES;
				CLANG_WARN_CONSTANT_CONVERSION = YES;
				CLANG_WARN_DEPRECATED_OBJC_IMPLEMENTATIONS = YES;
				CLANG_WARN_DIRECT_OBJC_ISA_USAGE = YES_ERROR;
				CLANG_WARN_DOCUMENTATION_COMMENTS = YES;
				CLANG_WARN_EMPTY_BODY = YES;
				CLANG_WARN_ENUM_CONVERSION = YES;
				CLANG_WARN_INFINITE_RECURSION = YES;
				CLANG_WARN_INT_CONVERSION = YES;
				CLANG_WARN_NON_LITERAL_NULL_CONVERSION = YES;
				CLANG_WARN_OBJC_IMPLICIT_RETAIN_SELF = YES;
				CLANG_WARN_OBJC_LITERAL_CONVERSION = YES;
				CLANG_WARN_OBJC_ROOT_CLASS = YES_ERROR;
				CLANG_WARN_QUOTED_INCLUDE_IN_FRAMEWORK_HEADER = YES;
				CLANG_WARN_RANGE_LOOP_ANALYSIS = YES;
				CLANG_WARN_STRICT_PROTOTYPES = YES;
				CLANG_WARN_SUSPICIOUS_MOVE = YES;
				CLANG_WARN_UNGUARDED_AVAILABILITY = YES_AGGRESSIVE;
				CLANG_WARN_UNREACHABLE_CODE = YES;
				CLANG_WARN__DUPLICATE_METHOD_MATCH = YES;
				COPY_PHASE_STRIP = NO;
				DEBUG_INFORMATION_FORMAT = dwarf;
				ENABLE_STRICT_OBJC_MSGSEND = YES;
				ENABLE_TESTABILITY = YES;
				ENABLE_USER_SCRIPT_SANDBOXING = YES;
				GCC_C_LANGUAGE_STANDARD = gnu17;
				GCC_DYNAMIC_NO_PIC = NO;
				GCC_NO_COMMON_BLOCKS = YES;
				GCC_OPTIMIZATION_LEVEL = 0;
				GCC_PREPROCESSOR_DEFINITIONS = (
					"DEBUG=1",
					"$(inherited)",
				);
				GCC_WARN_64_TO_32_BIT_CONVERSION = YES;
				GCC_WARN_ABOUT_RETURN_TYPE = YES_ERROR;
				GCC_WARN_UNDECLARED_SELECTOR = YES;
				GCC_WARN_UNINITIALIZED_AUTOS = YES_AGGRESSIVE;
				GCC_WARN_UNUSED_FUNCTION = YES;
				GCC_WARN_UNUSED_VARIABLE = YES;
				IPHONEOS_DEPLOYMENT_TARGET = 17.4;
				LOCALIZATION_PREFERS_STRING_CATALOGS = YES;
				MTL_ENABLE_DEBUG_INFO = INCLUDE_SOURCE;
				MTL_FAST_MATH = YES;
				ONLY_ACTIVE_ARCH = YES;
				SDKROOT = iphoneos;
				SWIFT_ACTIVE_COMPILATION_CONDITIONS = "DEBUG $(inherited)";
				SWIFT_OPTIMIZATION_LEVEL = "-Onone";
			};
			name = Debug;
		};
		B352664C2C4DA40E00CDBCA0 /* Release */ = {
			isa = XCBuildConfiguration;
			buildSettings = {
				ALWAYS_SEARCH_USER_PATHS = NO;
				ASSETCATALOG_COMPILER_GENERATE_SWIFT_ASSET_SYMBOL_EXTENSIONS = YES;
				CLANG_ANALYZER_NONNULL = YES;
				CLANG_ANALYZER_NUMBER_OBJECT_CONVERSION = YES_AGGRESSIVE;
				CLANG_CXX_LANGUAGE_STANDARD = "gnu++20";
				CLANG_ENABLE_MODULES = YES;
				CLANG_ENABLE_OBJC_ARC = YES;
				CLANG_ENABLE_OBJC_WEAK = YES;
				CLANG_WARN_BLOCK_CAPTURE_AUTORELEASING = YES;
				CLANG_WARN_BOOL_CONVERSION = YES;
				CLANG_WARN_COMMA = YES;
				CLANG_WARN_CONSTANT_CONVERSION = YES;
				CLANG_WARN_DEPRECATED_OBJC_IMPLEMENTATIONS = YES;
				CLANG_WARN_DIRECT_OBJC_ISA_USAGE = YES_ERROR;
				CLANG_WARN_DOCUMENTATION_COMMENTS = YES;
				CLANG_WARN_EMPTY_BODY = YES;
				CLANG_WARN_ENUM_CONVERSION = YES;
				CLANG_WARN_INFINITE_RECURSION = YES;
				CLANG_WARN_INT_CONVERSION = YES;
				CLANG_WARN_NON_LITERAL_NULL_CONVERSION = YES;
				CLANG_WARN_OBJC_IMPLICIT_RETAIN_SELF = YES;
				CLANG_WARN_OBJC_LITERAL_CONVERSION = YES;
				CLANG_WARN_OBJC_ROOT_CLASS = YES_ERROR;
				CLANG_WARN_QUOTED_INCLUDE_IN_FRAMEWORK_HEADER = YES;
				CLANG_WARN_RANGE_LOOP_ANALYSIS = YES;
				CLANG_WARN_STRICT_PROTOTYPES = YES;
				CLANG_WARN_SUSPICIOUS_MOVE = YES;
				CLANG_WARN_UNGUARDED_AVAILABILITY = YES_AGGRESSIVE;
				CLANG_WARN_UNREACHABLE_CODE = YES;
				CLANG_WARN__DUPLICATE_METHOD_MATCH = YES;
				COPY_PHASE_STRIP = NO;
				DEBUG_INFORMATION_FORMAT = "dwarf-with-dsym";
				ENABLE_NS_ASSERTIONS = NO;
				ENABLE_STRICT_OBJC_MSGSEND = YES;
				ENABLE_USER_SCRIPT_SANDBOXING = YES;
				GCC_C_LANGUAGE_STANDARD = gnu17;
				GCC_NO_COMMON_BLOCKS = YES;
				GCC_WARN_64_TO_32_BIT_CONVERSION = YES;
				GCC_WARN_ABOUT_RETURN_TYPE = YES_ERROR;
				GCC_WARN_UNDECLARED_SELECTOR = YES;
				GCC_WARN_UNINITIALIZED_AUTOS = YES_AGGRESSIVE;
				GCC_WARN_UNUSED_FUNCTION = YES;
				GCC_WARN_UNUSED_VARIABLE = YES;
				IPHONEOS_DEPLOYMENT_TARGET = 17.4;
				LOCALIZATION_PREFERS_STRING_CATALOGS = YES;
				MTL_ENABLE_DEBUG_INFO = NO;
				MTL_FAST_MATH = YES;
				SDKROOT = iphoneos;
				SWIFT_COMPILATION_MODE = wholemodule;
				VALIDATE_PRODUCT = YES;
			};
			name = Release;
		};
		B352664E2C4DA40E00CDBCA0 /* Debug */ = {
			isa = XCBuildConfiguration;
			buildSettings = {
				ASSETCATALOG_COMPILER_APPICON_NAME = AppIcon;
				ASSETCATALOG_COMPILER_GLOBAL_ACCENT_COLOR_NAME = AccentColor;
				CODE_SIGN_STYLE = Automatic;
				CURRENT_PROJECT_VERSION = 1;
				DEVELOPMENT_TEAM = 4HP984UV7Q;
				GENERATE_INFOPLIST_FILE = YES;
				INFOPLIST_FILE = "vk-techno-test/Info.plist";
				INFOPLIST_KEY_UIApplicationSupportsIndirectInputEvents = YES;
				INFOPLIST_KEY_UILaunchStoryboardName = LaunchScreen;
				INFOPLIST_KEY_UIMainStoryboardFile = "";
				INFOPLIST_KEY_UISupportedInterfaceOrientations_iPad = "UIInterfaceOrientationPortrait UIInterfaceOrientationPortraitUpsideDown UIInterfaceOrientationLandscapeLeft UIInterfaceOrientationLandscapeRight";
				INFOPLIST_KEY_UISupportedInterfaceOrientations_iPhone = "UIInterfaceOrientationPortrait UIInterfaceOrientationLandscapeLeft UIInterfaceOrientationLandscapeRight";
				LD_RUNPATH_SEARCH_PATHS = (
					"$(inherited)",
					"@executable_path/Frameworks",
				);
				MARKETING_VERSION = 1.0;
				PRODUCT_BUNDLE_IDENTIFIER = "ru.marinakolbina.vk-techno-test";
				PRODUCT_NAME = "$(TARGET_NAME)";
				SWIFT_EMIT_LOC_STRINGS = YES;
				SWIFT_VERSION = 5.0;
				TARGETED_DEVICE_FAMILY = "1,2";
			};
			name = Debug;
		};
		B352664F2C4DA40E00CDBCA0 /* Release */ = {
			isa = XCBuildConfiguration;
			buildSettings = {
				ASSETCATALOG_COMPILER_APPICON_NAME = AppIcon;
				ASSETCATALOG_COMPILER_GLOBAL_ACCENT_COLOR_NAME = AccentColor;
				CODE_SIGN_STYLE = Automatic;
				CURRENT_PROJECT_VERSION = 1;
				DEVELOPMENT_TEAM = 4HP984UV7Q;
				GENERATE_INFOPLIST_FILE = YES;
				INFOPLIST_FILE = "vk-techno-test/Info.plist";
				INFOPLIST_KEY_UIApplicationSupportsIndirectInputEvents = YES;
				INFOPLIST_KEY_UILaunchStoryboardName = LaunchScreen;
				INFOPLIST_KEY_UIMainStoryboardFile = "";
				INFOPLIST_KEY_UISupportedInterfaceOrientations_iPad = "UIInterfaceOrientationPortrait UIInterfaceOrientationPortraitUpsideDown UIInterfaceOrientationLandscapeLeft UIInterfaceOrientationLandscapeRight";
				INFOPLIST_KEY_UISupportedInterfaceOrientations_iPhone = "UIInterfaceOrientationPortrait UIInterfaceOrientationLandscapeLeft UIInterfaceOrientationLandscapeRight";
				LD_RUNPATH_SEARCH_PATHS = (
					"$(inherited)",
					"@executable_path/Frameworks",
				);
				MARKETING_VERSION = 1.0;
				PRODUCT_BUNDLE_IDENTIFIER = "ru.marinakolbina.vk-techno-test";
				PRODUCT_NAME = "$(TARGET_NAME)";
				SWIFT_EMIT_LOC_STRINGS = YES;
				SWIFT_VERSION = 5.0;
				TARGETED_DEVICE_FAMILY = "1,2";
			};
			name = Release;
		};
		B35266512C4DA40E00CDBCA0 /* Debug */ = {
			isa = XCBuildConfiguration;
			buildSettings = {
				ALWAYS_EMBED_SWIFT_STANDARD_LIBRARIES = YES;
				BUNDLE_LOADER = "$(TEST_HOST)";
				CODE_SIGN_STYLE = Automatic;
				CURRENT_PROJECT_VERSION = 1;
				DEVELOPMENT_TEAM = 4HP984UV7Q;
				GENERATE_INFOPLIST_FILE = YES;
				IPHONEOS_DEPLOYMENT_TARGET = 17.4;
				MARKETING_VERSION = 1.0;
				PRODUCT_BUNDLE_IDENTIFIER = "ru.marinakolbina.vk-techno-testTests";
				PRODUCT_NAME = "$(TARGET_NAME)";
				SWIFT_EMIT_LOC_STRINGS = NO;
				SWIFT_VERSION = 5.0;
				TARGETED_DEVICE_FAMILY = "1,2";
				TEST_HOST = "$(BUILT_PRODUCTS_DIR)/vk-techno-test.app/$(BUNDLE_EXECUTABLE_FOLDER_PATH)/vk-techno-test";
			};
			name = Debug;
		};
		B35266522C4DA40E00CDBCA0 /* Release */ = {
			isa = XCBuildConfiguration;
			buildSettings = {
				ALWAYS_EMBED_SWIFT_STANDARD_LIBRARIES = YES;
				BUNDLE_LOADER = "$(TEST_HOST)";
				CODE_SIGN_STYLE = Automatic;
				CURRENT_PROJECT_VERSION = 1;
				DEVELOPMENT_TEAM = 4HP984UV7Q;
				GENERATE_INFOPLIST_FILE = YES;
				IPHONEOS_DEPLOYMENT_TARGET = 17.4;
				MARKETING_VERSION = 1.0;
				PRODUCT_BUNDLE_IDENTIFIER = "ru.marinakolbina.vk-techno-testTests";
				PRODUCT_NAME = "$(TARGET_NAME)";
				SWIFT_EMIT_LOC_STRINGS = NO;
				SWIFT_VERSION = 5.0;
				TARGETED_DEVICE_FAMILY = "1,2";
				TEST_HOST = "$(BUILT_PRODUCTS_DIR)/vk-techno-test.app/$(BUNDLE_EXECUTABLE_FOLDER_PATH)/vk-techno-test";
			};
			name = Release;
		};
		B35266542C4DA40E00CDBCA0 /* Debug */ = {
			isa = XCBuildConfiguration;
			buildSettings = {
				ALWAYS_EMBED_SWIFT_STANDARD_LIBRARIES = YES;
				CODE_SIGN_STYLE = Automatic;
				CURRENT_PROJECT_VERSION = 1;
				DEVELOPMENT_TEAM = 4HP984UV7Q;
				GENERATE_INFOPLIST_FILE = YES;
				MARKETING_VERSION = 1.0;
				PRODUCT_BUNDLE_IDENTIFIER = "ru.marinakolbina.vk-techno-testUITests";
				PRODUCT_NAME = "$(TARGET_NAME)";
				SWIFT_EMIT_LOC_STRINGS = NO;
				SWIFT_VERSION = 5.0;
				TARGETED_DEVICE_FAMILY = "1,2";
				TEST_TARGET_NAME = "vk-techno-test";
			};
			name = Debug;
		};
		B35266552C4DA40E00CDBCA0 /* Release */ = {
			isa = XCBuildConfiguration;
			buildSettings = {
				ALWAYS_EMBED_SWIFT_STANDARD_LIBRARIES = YES;
				CODE_SIGN_STYLE = Automatic;
				CURRENT_PROJECT_VERSION = 1;
				DEVELOPMENT_TEAM = 4HP984UV7Q;
				GENERATE_INFOPLIST_FILE = YES;
				MARKETING_VERSION = 1.0;
				PRODUCT_BUNDLE_IDENTIFIER = "ru.marinakolbina.vk-techno-testUITests";
				PRODUCT_NAME = "$(TARGET_NAME)";
				SWIFT_EMIT_LOC_STRINGS = NO;
				SWIFT_VERSION = 5.0;
				TARGETED_DEVICE_FAMILY = "1,2";
				TEST_TARGET_NAME = "vk-techno-test";
			};
			name = Release;
		};
/* End XCBuildConfiguration section */

/* Begin XCConfigurationList section */
		B352661E2C4DA40D00CDBCA0 /* Build configuration list for PBXProject "vk-techno-test" */ = {
			isa = XCConfigurationList;
			buildConfigurations = (
				B352664B2C4DA40E00CDBCA0 /* Debug */,
				B352664C2C4DA40E00CDBCA0 /* Release */,
			);
			defaultConfigurationIsVisible = 0;
			defaultConfigurationName = Release;
		};
		B352664D2C4DA40E00CDBCA0 /* Build configuration list for PBXNativeTarget "vk-techno-test" */ = {
			isa = XCConfigurationList;
			buildConfigurations = (
				B352664E2C4DA40E00CDBCA0 /* Debug */,
				B352664F2C4DA40E00CDBCA0 /* Release */,
			);
			defaultConfigurationIsVisible = 0;
			defaultConfigurationName = Release;
		};
		B35266502C4DA40E00CDBCA0 /* Build configuration list for PBXNativeTarget "vk-techno-testTests" */ = {
			isa = XCConfigurationList;
			buildConfigurations = (
				B35266512C4DA40E00CDBCA0 /* Debug */,
				B35266522C4DA40E00CDBCA0 /* Release */,
			);
			defaultConfigurationIsVisible = 0;
			defaultConfigurationName = Release;
		};
		B35266532C4DA40E00CDBCA0 /* Build configuration list for PBXNativeTarget "vk-techno-testUITests" */ = {
			isa = XCConfigurationList;
			buildConfigurations = (
				B35266542C4DA40E00CDBCA0 /* Debug */,
				B35266552C4DA40E00CDBCA0 /* Release */,
			);
			defaultConfigurationIsVisible = 0;
			defaultConfigurationName = Release;
		};
/* End XCConfigurationList section */
	};
	rootObject = B352661B2C4DA40D00CDBCA0 /* Project object */;
}
